{
  "name": "openai-embeddings",
  "version": "1.0.0",
  "lockfileVersion": 2,
  "requires": true,
  "packages": {
    "": {
      "name": "openai-embeddings",
      "version": "1.0.0",
      "license": "ISC",
      "dependencies": {
        "axios": "^0.24.0",
        "compute-cosine-similarity": "^1.0.0",
        "dotenv": "^10.0.0"
      },
      "devDependencies": {
        "@types/node": "^16.11.12"
      }
    },
    "node_modules/@types/node": {
      "version": "16.11.12",
      "resolved": "https://registry.npmjs.org/@types/node/-/node-16.11.12.tgz",
      "integrity": "sha512-+2Iggwg7PxoO5Kyhvsq9VarmPbIelXP070HMImEpbtGCoyWNINQj4wzjbQCXzdHTRXnqufutJb5KAURZANNBAw==",
      "dev": true
    },
    "node_modules/axios": {
      "version": "0.24.0",
      "resolved": "https://registry.npmjs.org/axios/-/axios-0.24.0.tgz",
      "integrity": "sha512-Q6cWsys88HoPgAaFAVUb0WpPk0O8iTeisR9IMqy9G8AbO4NlpVknrnQS03zzF9PGAWgO3cgletO3VjV/P7VztA==",
      "dependencies": {
        "follow-redirects": "^1.14.4"
      }
    },
    "node_modules/compute-cosine-similarity": {
      "version": "1.0.0",
      "resolved": "https://registry.npmjs.org/compute-cosine-similarity/-/compute-cosine-similarity-1.0.0.tgz",
      "integrity": "sha1-KfK/Lnuu+iMcq6QFkaMcF7GaTpU=",
      "dependencies": {
        "compute-dot": "^1.1.0",
        "compute-l2norm": "^1.1.0",
        "validate.io-array": "^1.0.5",
        "validate.io-function": "^1.0.2"
      }
    },
    "node_modules/compute-dot": {
      "version": "1.1.0",
      "resolved": "https://registry.npmjs.org/compute-dot/-/compute-dot-1.1.0.tgz",
      "integrity": "sha1-AaW6LHr3O5kAKsslhFnJV2qCMtw=",
      "dependencies": {
        "validate.io-array": "^1.0.3",
        "validate.io-function": "^1.0.2"
      }
    },
    "node_modules/compute-l2norm": {
      "version": "1.1.0",
      "resolved": "https://registry.npmjs.org/compute-l2norm/-/compute-l2norm-1.1.0.tgz",
      "integrity": "sha1-vQkTHGs2yNcMaDNOF2AJpOCpiaw=",
      "dependencies": {
        "validate.io-array": "^1.0.3",
        "validate.io-function": "^1.0.2"
      }
    },
    "node_modules/dotenv": {
      "version": "10.0.0",
      "resolved": "https://registry.npmjs.org/dotenv/-/dotenv-10.0.0.tgz",
      "integrity": "sha512-rlBi9d8jpv9Sf1klPjNfFAuWDjKLwTIJJ/VxtoTwIR6hnZxcEOQCZg2oIL3MWBYw5GpUDKOEnND7LXTbIpQ03Q==",
      "engines": {
        "node": ">=10"
      }
    },
    "node_modules/follow-redirects": {
      "version": "1.14.5",
      "resolved": "https://registry.npmjs.org/follow-redirects/-/follow-redirects-1.14.5.tgz",
      "integrity": "sha512-wtphSXy7d4/OR+MvIFbCVBDzZ5520qV8XfPklSN5QtxuMUJZ+b0Wnst1e1lCDocfzuCkHqj8k0FpZqO+UIaKNA==",
      "funding": [
        {
          "type": "individual",
          "url": "https://github.com/sponsors/RubenVerborgh"
        }
      ],
      "engines": {
        "node": ">=4.0"
      },
      "peerDependenciesMeta": {
        "debug": {
          "optional": true
        }
      }
    },
    "node_modules/validate.io-array": {
      "version": "1.0.6",
      "resolved": "https://registry.npmjs.org/validate.io-array/-/validate.io-array-1.0.6.tgz",
      "integrity": "sha1-W1osr9j4uFq7L4hroVPy2Tond00="
    },
    "node_modules/validate.io-function": {
      "version": "1.0.2",
      "resolved": "https://registry.npmjs.org/validate.io-function/-/validate.io-function-1.0.2.tgz",
      "integrity": "sha1-NDoZgC7TsZaCaceA5VjpNBHAutc="
    }
  },
  "dependencies": {
    "@types/node": {
      "version": "16.11.12",
      "resolved": "https://registry.npmjs.org/@types/node/-/node-16.11.12.tgz",
      "integrity": "sha512-+2Iggwg7PxoO5Kyhvsq9VarmPbIelXP070HMImEpbtGCoyWNINQj4wzjbQCXzdHTRXnqufutJb5KAURZANNBAw==",
      "dev": true
    },
    "axios": {
      "version": "0.24.0",
      "resolved": "https://registry.npmjs.org/axios/-/axios-0.24.0.tgz",
      "integrity": "sha512-Q6cWsys88HoPgAaFAVUb0WpPk0O8iTeisR9IMqy9G8AbO4NlpVknrnQS03zzF9PGAWgO3cgletO3VjV/P7VztA==",
      "requires": {
        "follow-redirects": "^1.14.4"
      }
    },
    "compute-cosine-similarity": {
      "version": "1.0.0",
      "resolved": "https://registry.npmjs.org/compute-cosine-similarity/-/compute-cosine-similarity-1.0.0.tgz",
      "integrity": "sha1-KfK/Lnuu+iMcq6QFkaMcF7GaTpU=",
      "requires": {
        "compute-dot": "^1.1.0",
        "compute-l2norm": "^1.1.0",
        "validate.io-array": "^1.0.5",
        "validate.io-function": "^1.0.2"
      }
    },
    "compute-dot": {
      "version": "1.1.0",
      "resolved": "https://registry.npmjs.org/compute-dot/-/compute-dot-1.1.0.tgz",
      "integrity": "sha1-AaW6LHr3O5kAKsslhFnJV2qCMtw=",
      "requires": {
        "validate.io-array": "^1.0.3",
        "validate.io-function": "^1.0.2"
      }
    },
    "compute-l2norm": {
      "version": "1.1.0",
      "resolved": "https://registry.npmjs.org/compute-l2norm/-/compute-l2norm-1.1.0.tgz",
      "integrity": "sha1-vQkTHGs2yNcMaDNOF2AJpOCpiaw=",
      "requires": {
        "validate.io-array": "^1.0.3",
        "validate.io-function": "^1.0.2"
      }
    },
    "dotenv": {
      "version": "10.0.0",
      "resolved": "https://registry.npmjs.org/dotenv/-/dotenv-10.0.0.tgz",
      "integrity": "sha512-rlBi9d8jpv9Sf1klPjNfFAuWDjKLwTIJJ/VxtoTwIR6hnZxcEOQCZg2oIL3MWBYw5GpUDKOEnND7LXTbIpQ03Q=="
    },
    "follow-redirects": {
      "version": "1.14.5",
      "resolved": "https://registry.npmjs.org/follow-redirects/-/follow-redirects-1.14.5.tgz",
      "integrity": "sha512-wtphSXy7d4/OR+MvIFbCVBDzZ5520qV8XfPklSN5QtxuMUJZ+b0Wnst1e1lCDocfzuCkHqj8k0FpZqO+UIaKNA=="
    },
    "validate.io-array": {
      "version": "1.0.6",
      "resolved": "https://registry.npmjs.org/validate.io-array/-/validate.io-array-1.0.6.tgz",
      "integrity": "sha1-W1osr9j4uFq7L4hroVPy2Tond00="
    },
    "validate.io-function": {
      "version": "1.0.2",
      "resolved": "https://registry.npmjs.org/validate.io-function/-/validate.io-function-1.0.2.tgz",
      "integrity": "sha1-NDoZgC7TsZaCaceA5VjpNBHAutc="
    }
  }
}
